// !$*UTF8*$!
{
	archiveVersion = 1;
	classes = {
	};
	objectVersion = 50;
	objects = {

/* Begin PBXBuildFile section */
		6491AE182670B28900F5D97C /* AppDelegate.swift in Sources */ = {isa = PBXBuildFile; fileRef = 6491AE172670B28900F5D97C /* AppDelegate.swift */; };
		6491AE1A2670B28900F5D97C /* SceneDelegate.swift in Sources */ = {isa = PBXBuildFile; fileRef = 6491AE192670B28900F5D97C /* SceneDelegate.swift */; };
		6491AE1F2670B28900F5D97C /* Main.storyboard in Resources */ = {isa = PBXBuildFile; fileRef = 6491AE1D2670B28900F5D97C /* Main.storyboard */; };
		6491AE212670B28B00F5D97C /* Assets.xcassets in Resources */ = {isa = PBXBuildFile; fileRef = 6491AE202670B28B00F5D97C /* Assets.xcassets */; };
		6491AE242670B28B00F5D97C /* LaunchScreen.storyboard in Resources */ = {isa = PBXBuildFile; fileRef = 6491AE222670B28B00F5D97C /* LaunchScreen.storyboard */; };
		6491AE2D2670B37700F5D97C /* TvListTableViewController.swift in Sources */ = {isa = PBXBuildFile; fileRef = 6491AE2C2670B37700F5D97C /* TvListTableViewController.swift */; };
		6491AE302670B3AF00F5D97C /* TvController.swift in Sources */ = {isa = PBXBuildFile; fileRef = 6491AE2F2670B3AF00F5D97C /* TvController.swift */; };
		6491AE332670B46800F5D97C /* Model.swift in Sources */ = {isa = PBXBuildFile; fileRef = 6491AE322670B46800F5D97C /* Model.swift */; };
		6491AE47267115F900F5D97C /* TvListCell.swift in Sources */ = {isa = PBXBuildFile; fileRef = 6491AE45267115F900F5D97C /* TvListCell.swift */; };
		6491AE48267115F900F5D97C /* TvListCell.xib in Resources */ = {isa = PBXBuildFile; fileRef = 6491AE46267115F900F5D97C /* TvListCell.xib */; };
		6491AE4C2671C49600F5D97C /* CategoryTableViewController.swift in Sources */ = {isa = PBXBuildFile; fileRef = 6491AE4B2671C49600F5D97C /* CategoryTableViewController.swift */; };
		6491AE502671E81F00F5D97C /* Constants.swift in Sources */ = {isa = PBXBuildFile; fileRef = 6491AE4F2671E81F00F5D97C /* Constants.swift */; };
		6491AE5A267343AD00F5D97C /* FavoriteListTableViewController.swift in Sources */ = {isa = PBXBuildFile; fileRef = 6491AE59267343AD00F5D97C /* FavoriteListTableViewController.swift */; };
		6491AE5D267343ED00F5D97C /* TvDetailViewController.swift in Sources */ = {isa = PBXBuildFile; fileRef = 6491AE5C267343ED00F5D97C /* TvDetailViewController.swift */; };
/* End PBXBuildFile section */

/* Begin PBXFileReference section */
		6491AE142670B28900F5D97C /* ShowTV.app */ = {isa = PBXFileReference; explicitFileType = wrapper.application; includeInIndex = 0; path = ShowTV.app; sourceTree = BUILT_PRODUCTS_DIR; };
		6491AE172670B28900F5D97C /* AppDelegate.swift */ = {isa = PBXFileReference; lastKnownFileType = sourcecode.swift; path = AppDelegate.swift; sourceTree = "<group>"; };
		6491AE192670B28900F5D97C /* SceneDelegate.swift */ = {isa = PBXFileReference; lastKnownFileType = sourcecode.swift; path = SceneDelegate.swift; sourceTree = "<group>"; };
		6491AE1E2670B28900F5D97C /* Base */ = {isa = PBXFileReference; lastKnownFileType = file.storyboard; name = Base; path = Base.lproj/Main.storyboard; sourceTree = "<group>"; };
		6491AE202670B28B00F5D97C /* Assets.xcassets */ = {isa = PBXFileReference; lastKnownFileType = folder.assetcatalog; path = Assets.xcassets; sourceTree = "<group>"; };
		6491AE232670B28B00F5D97C /* Base */ = {isa = PBXFileReference; lastKnownFileType = file.storyboard; name = Base; path = Base.lproj/LaunchScreen.storyboard; sourceTree = "<group>"; };
		6491AE252670B28B00F5D97C /* Info.plist */ = {isa = PBXFileReference; lastKnownFileType = text.plist.xml; path = Info.plist; sourceTree = "<group>"; };
		6491AE2C2670B37700F5D97C /* TvListTableViewController.swift */ = {isa = PBXFileReference; lastKnownFileType = sourcecode.swift; path = TvListTableViewController.swift; sourceTree = "<group>"; };
		6491AE2F2670B3AF00F5D97C /* TvController.swift */ = {isa = PBXFileReference; lastKnownFileType = sourcecode.swift; path = TvController.swift; sourceTree = "<group>"; };
		6491AE322670B46800F5D97C /* Model.swift */ = {isa = PBXFileReference; lastKnownFileType = sourcecode.swift; path = Model.swift; sourceTree = "<group>"; };
		6491AE45267115F900F5D97C /* TvListCell.swift */ = {isa = PBXFileReference; lastKnownFileType = sourcecode.swift; path = TvListCell.swift; sourceTree = "<group>"; };
		6491AE46267115F900F5D97C /* TvListCell.xib */ = {isa = PBXFileReference; lastKnownFileType = file.xib; path = TvListCell.xib; sourceTree = "<group>"; };
		6491AE4B2671C49600F5D97C /* CategoryTableViewController.swift */ = {isa = PBXFileReference; lastKnownFileType = sourcecode.swift; path = CategoryTableViewController.swift; sourceTree = "<group>"; };
		6491AE4F2671E81F00F5D97C /* Constants.swift */ = {isa = PBXFileReference; lastKnownFileType = sourcecode.swift; path = Constants.swift; sourceTree = "<group>"; };
		6491AE59267343AD00F5D97C /* FavoriteListTableViewController.swift */ = {isa = PBXFileReference; lastKnownFileType = sourcecode.swift; name = FavoriteListTableViewController.swift; path = ShowTV/Controller/FavoriteListTableViewController.swift; sourceTree = SOURCE_ROOT; };
		6491AE5C267343ED00F5D97C /* TvDetailViewController.swift */ = {isa = PBXFileReference; lastKnownFileType = sourcecode.swift; name = TvDetailViewController.swift; path = ShowTV/Controller/TvDetailViewController.swift; sourceTree = SOURCE_ROOT; };
/* End PBXFileReference section */

/* Begin PBXFrameworksBuildPhase section */
		6491AE112670B28900F5D97C /* Frameworks */ = {
			isa = PBXFrameworksBuildPhase;
			buildActionMask = 2147483647;
			files = (
			);
			runOnlyForDeploymentPostprocessing = 0;
		};
/* End PBXFrameworksBuildPhase section */

/* Begin PBXGroup section */
		6491AE0B2670B28900F5D97C = {
			isa = PBXGroup;
			children = (
				6491AE162670B28900F5D97C /* ShowTV */,
				6491AE152670B28900F5D97C /* Products */,
			);
			sourceTree = "<group>";
		};
		6491AE152670B28900F5D97C /* Products */ = {
			isa = PBXGroup;
			children = (
				6491AE142670B28900F5D97C /* ShowTV.app */,
			);
			name = Products;
			sourceTree = "<group>";
		};
		6491AE162670B28900F5D97C /* ShowTV */ = {
			isa = PBXGroup;
			children = (
				6491AE172670B28900F5D97C /* AppDelegate.swift */,
				6491AE192670B28900F5D97C /* SceneDelegate.swift */,
				6491AE562671E92900F5D97C /* Model */,
				6491AE522671E91200F5D97C /* View */,
				6491AE542671E91A00F5D97C /* Controller */,
				6491AE202670B28B00F5D97C /* Assets.xcassets */,
				6491AE222670B28B00F5D97C /* LaunchScreen.storyboard */,
				6491AE252670B28B00F5D97C /* Info.plist */,
			);
			path = ShowTV;
			sourceTree = "<group>";
		};
		6491AE522671E91200F5D97C /* View */ = {
			isa = PBXGroup;
			children = (
				6491AE1D2670B28900F5D97C /* Main.storyboard */,
				6491AE45267115F900F5D97C /* TvListCell.swift */,
				6491AE46267115F900F5D97C /* TvListCell.xib */,
			);
			path = View;
			sourceTree = "<group>";
		};
		6491AE542671E91A00F5D97C /* Controller */ = {
			isa = PBXGroup;
			children = (
				6491AE2F2670B3AF00F5D97C /* TvController.swift */,
				6491AE4B2671C49600F5D97C /* CategoryTableViewController.swift */,
				6491AE2C2670B37700F5D97C /* TvListTableViewController.swift */,
				6491AE5C267343ED00F5D97C /* TvDetailViewController.swift */,
				6491AE59267343AD00F5D97C /* FavoriteListTableViewController.swift */,
			);
			path = Controller;
			sourceTree = "<group>";
		};
		6491AE562671E92900F5D97C /* Model */ = {
			isa = PBXGroup;
			children = (
				6491AE4F2671E81F00F5D97C /* Constants.swift */,
				6491AE322670B46800F5D97C /* Model.swift */,
			);
			path = Model;
			sourceTree = "<group>";
		};
/* End PBXGroup section */

/* Begin PBXNativeTarget section */
		6491AE132670B28900F5D97C /* ShowTV */ = {
			isa = PBXNativeTarget;
			buildConfigurationList = 6491AE282670B28B00F5D97C /* Build configuration list for PBXNativeTarget "ShowTV" */;
			buildPhases = (
				6491AE102670B28900F5D97C /* Sources */,
				6491AE112670B28900F5D97C /* Frameworks */,
				6491AE122670B28900F5D97C /* Resources */,
			);
			buildRules = (
			);
			dependencies = (
			);
			name = ShowTV;
			productName = ShowTV;
			productReference = 6491AE142670B28900F5D97C /* ShowTV.app */;
			productType = "com.apple.product-type.application";
		};
/* End PBXNativeTarget section */

/* Begin PBXProject section */
		6491AE0C2670B28900F5D97C /* Project object */ = {
			isa = PBXProject;
			attributes = {
				LastSwiftUpdateCheck = 1240;
				LastUpgradeCheck = 1240;
				TargetAttributes = {
					6491AE132670B28900F5D97C = {
						CreatedOnToolsVersion = 12.4;
					};
				};
			};
			buildConfigurationList = 6491AE0F2670B28900F5D97C /* Build configuration list for PBXProject "ShowTV" */;
			compatibilityVersion = "Xcode 9.3";
			developmentRegion = en;
			hasScannedForEncodings = 0;
			knownRegions = (
				en,
				Base,
			);
			mainGroup = 6491AE0B2670B28900F5D97C;
			productRefGroup = 6491AE152670B28900F5D97C /* Products */;
			projectDirPath = "";
			projectRoot = "";
			targets = (
				6491AE132670B28900F5D97C /* ShowTV */,
			);
		};
/* End PBXProject section */

/* Begin PBXResourcesBuildPhase section */
		6491AE122670B28900F5D97C /* Resources */ = {
			isa = PBXResourcesBuildPhase;
			buildActionMask = 2147483647;
			files = (
				6491AE242670B28B00F5D97C /* LaunchScreen.storyboard in Resources */,
				6491AE48267115F900F5D97C /* TvListCell.xib in Resources */,
				6491AE212670B28B00F5D97C /* Assets.xcassets in Resources */,
				6491AE1F2670B28900F5D97C /* Main.storyboard in Resources */,
			);
			runOnlyForDeploymentPostprocessing = 0;
		};
/* End PBXResourcesBuildPhase section */

/* Begin PBXSourcesBuildPhase section */
		6491AE102670B28900F5D97C /* Sources */ = {
			isa = PBXSourcesBuildPhase;
			buildActionMask = 2147483647;
			files = (
				6491AE4C2671C49600F5D97C /* CategoryTableViewController.swift in Sources */,
				6491AE302670B3AF00F5D97C /* TvController.swift in Sources */,
				6491AE182670B28900F5D97C /* AppDelegate.swift in Sources */,
				6491AE5A267343AD00F5D97C /* FavoriteListTableViewController.swift in Sources */,
				6491AE332670B46800F5D97C /* Model.swift in Sources */,
				6491AE1A2670B28900F5D97C /* SceneDelegate.swift in Sources */,
				6491AE2D2670B37700F5D97C /* TvListTableViewController.swift in Sources */,
				6491AE5D267343ED00F5D97C /* TvDetailViewController.swift in Sources */,
				6491AE47267115F900F5D97C /* TvListCell.swift in Sources */,
				6491AE502671E81F00F5D97C /* Constants.swift in Sources */,
			);
			runOnlyForDeploymentPostprocessing = 0;
		};
/* End PBXSourcesBuildPhase section */

/* Begin PBXVariantGroup section */
		6491AE1D2670B28900F5D97C /* Main.storyboard */ = {
			isa = PBXVariantGroup;
			children = (
				6491AE1E2670B28900F5D97C /* Base */,
			);
			name = Main.storyboard;
			sourceTree = "<group>";
		};
		6491AE222670B28B00F5D97C /* LaunchScreen.storyboard */ = {
			isa = PBXVariantGroup;
			children = (
				6491AE232670B28B00F5D97C /* Base */,
			);
			name = LaunchScreen.storyboard;
			sourceTree = "<group>";
		};
/* End PBXVariantGroup section */

/* Begin XCBuildConfiguration section */
		6491AE262670B28B00F5D97C /* Debug */ = {
			isa = XCBuildConfiguration;
			buildSettings = {
				ALWAYS_SEARCH_USER_PATHS = NO;
				CLANG_ANALYZER_NONNULL = YES;
				CLANG_ANALYZER_NUMBER_OBJECT_CONVERSION = YES_AGGRESSIVE;
				CLANG_CXX_LANGUAGE_STANDARD = "gnu++14";
				CLANG_CXX_LIBRARY = "libc++";
				CLANG_ENABLE_MODULES = YES;
				CLANG_ENABLE_OBJC_ARC = YES;
				CLANG_ENABLE_OBJC_WEAK = YES;
				CLANG_WARN_BLOCK_CAPTURE_AUTORELEASING = YES;
				CLANG_WARN_BOOL_CONVERSION = YES;
				CLANG_WARN_COMMA = YES;
				CLANG_WARN_CONSTANT_CONVERSION = YES;
				CLANG_WARN_DEPRECATED_OBJC_IMPLEMENTATIONS = YES;
				CLANG_WARN_DIRECT_OBJC_ISA_USAGE = YES_ERROR;
				CLANG_WARN_DOCUMENTATION_COMMENTS = YES;
				CLANG_WARN_EMPTY_BODY = YES;
				CLANG_WARN_ENUM_CONVERSION = YES;
				CLANG_WARN_INFINITE_RECURSION = YES;
				CLANG_WARN_INT_CONVERSION = YES;
				CLANG_WARN_NON_LITERAL_NULL_CONVERSION = YES;
				CLANG_WARN_OBJC_IMPLICIT_RETAIN_SELF = YES;
				CLANG_WARN_OBJC_LITERAL_CONVERSION = YES;
				CLANG_WARN_OBJC_ROOT_CLASS = YES_ERROR;
				CLANG_WARN_QUOTED_INCLUDE_IN_FRAMEWORK_HEADER = YES;
				CLANG_WARN_RANGE_LOOP_ANALYSIS = YES;
				CLANG_WARN_STRICT_PROTOTYPES = YES;
				CLANG_WARN_SUSPICIOUS_MOVE = YES;
				CLANG_WARN_UNGUARDED_AVAILABILITY = YES_AGGRESSIVE;
				CLANG_WARN_UNREACHABLE_CODE = YES;
				CLANG_WARN__DUPLICATE_METHOD_MATCH = YES;
				COPY_PHASE_STRIP = NO;
				DEBUG_INFORMATION_FORMAT = dwarf;
				ENABLE_STRICT_OBJC_MSGSEND = YES;
				ENABLE_TESTABILITY = YES;
				GCC_C_LANGUAGE_STANDARD = gnu11;
				GCC_DYNAMIC_NO_PIC = NO;
				GCC_NO_COMMON_BLOCKS = YES;
				GCC_OPTIMIZATION_LEVEL = 0;
				GCC_PREPROCESSOR_DEFINITIONS = (
					"DEBUG=1",
					"$(inherited)",
				);
				GCC_WARN_64_TO_32_BIT_CONVERSION = YES;
				GCC_WARN_ABOUT_RETURN_TYPE = YES_ERROR;
				GCC_WARN_UNDECLARED_SELECTOR = YES;
				GCC_WARN_UNINITIALIZED_AUTOS = YES_AGGRESSIVE;
				GCC_WARN_UNUSED_FUNCTION = YES;
				GCC_WARN_UNUSED_VARIABLE = YES;
				IPHONEOS_DEPLOYMENT_TARGET = 14.4;
				MTL_ENABLE_DEBUG_INFO = INCLUDE_SOURCE;
				MTL_FAST_MATH = YES;
				ONLY_ACTIVE_ARCH = YES;
				SDKROOT = iphoneos;
				SWIFT_ACTIVE_COMPILATION_CONDITIONS = DEBUG;
				SWIFT_OPTIMIZATION_LEVEL = "-Onone";
			};
			name = Debug;
		};
		6491AE272670B28B00F5D97C /* Release */ = {
			isa = XCBuildConfiguration;
			buildSettings = {
				ALWAYS_SEARCH_USER_PATHS = NO;
				CLANG_ANALYZER_NONNULL = YES;
				CLANG_ANALYZER_NUMBER_OBJECT_CONVERSION = YES_AGGRESSIVE;
				CLANG_CXX_LANGUAGE_STANDARD = "gnu++14";
				CLANG_CXX_LIBRARY = "libc++";
				CLANG_ENABLE_MODULES = YES;
				CLANG_ENABLE_OBJC_ARC = YES;
				CLANG_ENABLE_OBJC_WEAK = YES;
				CLANG_WARN_BLOCK_CAPTURE_AUTORELEASING = YES;
				CLANG_WARN_BOOL_CONVERSION = YES;
				CLANG_WARN_COMMA = YES;
				CLANG_WARN_CONSTANT_CONVERSION = YES;
				CLANG_WARN_DEPRECATED_OBJC_IMPLEMENTATIONS = YES;
				CLANG_WARN_DIRECT_OBJC_ISA_USAGE = YES_ERROR;
				CLANG_WARN_DOCUMENTATION_COMMENTS = YES;
				CLANG_WARN_EMPTY_BODY = YES;
				CLANG_WARN_ENUM_CONVERSION = YES;
				CLANG_WARN_INFINITE_RECURSION = YES;
				CLANG_WARN_INT_CONVERSION = YES;
				CLANG_WARN_NON_LITERAL_NULL_CONVERSION = YES;
				CLANG_WARN_OBJC_IMPLICIT_RETAIN_SELF = YES;
				CLANG_WARN_OBJC_LITERAL_CONVERSION = YES;
				CLANG_WARN_OBJC_ROOT_CLASS = YES_ERROR;
				CLANG_WARN_QUOTED_INCLUDE_IN_FRAMEWORK_HEADER = YES;
				CLANG_WARN_RANGE_LOOP_ANALYSIS = YES;
				CLANG_WARN_STRICT_PROTOTYPES = YES;
				CLANG_WARN_SUSPICIOUS_MOVE = YES;
				CLANG_WARN_UNGUARDED_AVAILABILITY = YES_AGGRESSIVE;
				CLANG_WARN_UNREACHABLE_CODE = YES;
				CLANG_WARN__DUPLICATE_METHOD_MATCH = YES;
				COPY_PHASE_STRIP = NO;
				DEBUG_INFORMATION_FORMAT = "dwarf-with-dsym";
				ENABLE_NS_ASSERTIONS = NO;
				ENABLE_STRICT_OBJC_MSGSEND = YES;
				GCC_C_LANGUAGE_STANDARD = gnu11;
				GCC_NO_COMMON_BLOCKS = YES;
				GCC_WARN_64_TO_32_BIT_CONVERSION = YES;
				GCC_WARN_ABOUT_RETURN_TYPE = YES_ERROR;
				GCC_WARN_UNDECLARED_SELECTOR = YES;
				GCC_WARN_UNINITIALIZED_AUTOS = YES_AGGRESSIVE;
				GCC_WARN_UNUSED_FUNCTION = YES;
				GCC_WARN_UNUSED_VARIABLE = YES;
				IPHONEOS_DEPLOYMENT_TARGET = 14.4;
				MTL_ENABLE_DEBUG_INFO = NO;
				MTL_FAST_MATH = YES;
				SDKROOT = iphoneos;
				SWIFT_COMPILATION_MODE = wholemodule;
				SWIFT_OPTIMIZATION_LEVEL = "-O";
				VALIDATE_PRODUCT = YES;
			};
			name = Release;
		};
		6491AE292670B28B00F5D97C /* Debug */ = {
			isa = XCBuildConfiguration;
			buildSettings = {
				ASSETCATALOG_COMPILER_APPICON_NAME = AppIcon;
				ASSETCATALOG_COMPILER_GLOBAL_ACCENT_COLOR_NAME = AccentColor;
				CODE_SIGN_STYLE = Automatic;
				DEVELOPMENT_TEAM = X8VRLAS2GU;
				INFOPLIST_FILE = ShowTV/Info.plist;
				LD_RUNPATH_SEARCH_PATHS = (
					"$(inherited)",
					"@executable_path/Frameworks",
				);
				PRODUCT_BUNDLE_IDENTIFIER = tool.portfolio.alicefang.ShowTV;
				PRODUCT_NAME = "$(TARGET_NAME)";
				SWIFT_VERSION = 5.0;
				TARGETED_DEVICE_FAMILY = "1,2";
			};
			name = Debug;
		};
		6491AE2A2670B28B00F5D97C /* Release */ = {
			isa = XCBuildConfiguration;
			buildSettings = {
				ASSETCATALOG_COMPILER_APPICON_NAME = AppIcon;
				ASSETCATALOG_COMPILER_GLOBAL_ACCENT_COLOR_NAME = AccentColor;
				CODE_SIGN_STYLE = Automatic;
				DEVELOPMENT_TEAM = X8VRLAS2GU;
				INFOPLIST_FILE = ShowTV/Info.plist;
				LD_RUNPATH_SEARCH_PATHS = (
					"$(inherited)",
					"@executable_path/Frameworks",
				);
				PRODUCT_BUNDLE_IDENTIFIER = tool.portfolio.alicefang.ShowTV;
				PRODUCT_NAME = "$(TARGET_NAME)";
				SWIFT_VERSION = 5.0;
				TARGETED_DEVICE_FAMILY = "1,2";
			};
			name = Release;
		};
/* End XCBuildConfiguration section */

/* Begin XCConfigurationList section */
		6491AE0F2670B28900F5D97C /* Build configuration list for PBXProject "ShowTV" */ = {
			isa = XCConfigurationList;
			buildConfigurations = (
				6491AE262670B28B00F5D97C /* Debug */,
				6491AE272670B28B00F5D97C /* Release */,
			);
			defaultConfigurationIsVisible = 0;
			defaultConfigurationName = Release;
		};
		6491AE282670B28B00F5D97C /* Build configuration list for PBXNativeTarget "ShowTV" */ = {
			isa = XCConfigurationList;
			buildConfigurations = (
				6491AE292670B28B00F5D97C /* Debug */,
				6491AE2A2670B28B00F5D97C /* Release */,
			);
			defaultConfigurationIsVisible = 0;
			defaultConfigurationName = Release;
		};
/* End XCConfigurationList section */
	};
	rootObject = 6491AE0C2670B28900F5D97C /* Project object */;
}
